
Microsoft Visual Studio Solution File, Format Version 12.00
# Visual Studio Version 16
VisualStudioVersion = 16.0.34729.46
MinimumVisualStudioVersion = 10.0.40219.1
Project("{FAE04EC0-301F-11D3-BF4B-00C04F79EFBC}") = "Ventas_de_boletos_RECUPERACION", "Ventas_de_boletos_RECUPERACION\Ventas_de_boletos_RECUPERACION.csproj", "{E9507A29-E871-4D21-B87A-FA284C1F92AD}"
EndProject
Project("{FAE04EC0-301F-11D3-BF4B-00C04F79EFBC}") = "interfaz", "interfaz\interfaz.csproj", "{3109C683-68B1-41DF-A44A-9A729E08FB03}"
EndProject
Global
	GlobalSection(SolutionConfigurationPlatforms) = preSolution
		Debug|Any CPU = Debug|Any CPU
		Release|Any CPU = Release|Any CPU
	EndGlobalSection
	GlobalSection(ProjectConfigurationPlatforms) = postSolution
		{E9507A29-E871-4D21-B87A-FA284C1F92AD}.Debug|Any CPU.ActiveCfg = Debug|Any CPU
		{E9507A29-E871-4D21-B87A-FA284C1F92AD}.Debug|Any CPU.Build.0 = Debug|Any CPU
		{E9507A29-E871-4D21-B87A-FA284C1F92AD}.Release|Any CPU.ActiveCfg = Release|Any CPU
		{E9507A29-E871-4D21-B87A-FA284C1F92AD}.Release|Any CPU.Build.0 = Release|Any CPU
		{3109C683-68B1-41DF-A44A-9A729E08FB03}.Debug|Any CPU.ActiveCfg = Debug|Any CPU
		{3109C683-68B1-41DF-A44A-9A729E08FB03}.Debug|Any CPU.Build.0 = Debug|Any CPU
		{3109C683-68B1-41DF-A44A-9A729E08FB03}.Release|Any CPU.ActiveCfg = Release|Any CPU
		{3109C683-68B1-41DF-A44A-9A729E08FB03}.Release|Any CPU.Build.0 = Release|Any CPU
	EndGlobalSection
	GlobalSection(SolutionProperties) = preSolution
		HideSolutionNode = FALSE
	EndGlobalSection
	GlobalSection(ExtensibilityGlobals) = postSolution
		SolutionGuid = {E279F52E-7823-4C00-8370-9ECBE37EC17D}
	EndGlobalSection
EndGlobal
